// !$*UTF8*$!
{
	archiveVersion = 1;
	classes = {
	};
	objectVersion = 55;
	objects = {

/* Begin PBXBuildFile section */
		14FD4F33279F2D1200E4947D /* KaleemApp.swift in Sources */ = {isa = PBXBuildFile; fileRef = 14FD4F32279F2D1200E4947D /* KaleemApp.swift */; };
		14FD4F37279F2D1400E4947D /* Assets.xcassets in Resources */ = {isa = PBXBuildFile; fileRef = 14FD4F36279F2D1400E4947D /* Assets.xcassets */; };
		14FD4F3A279F2D1400E4947D /* Preview Assets.xcassets in Resources */ = {isa = PBXBuildFile; fileRef = 14FD4F39279F2D1400E4947D /* Preview Assets.xcassets */; };
		14FD4F41279F319000E4947D /* GoogleService-Info.plist in Resources */ = {isa = PBXBuildFile; fileRef = 14FD4F40279F319000E4947D /* GoogleService-Info.plist */; };
		ADC7C415182E396B5A38967B /* Pods_Kaleem.framework in Frameworks */ = {isa = PBXBuildFile; fileRef = 8C0D1C7E2EC083E1131E9CAF /* Pods_Kaleem.framework */; };
		F50D1A2327B2BF5A00B3EE94 /* SignUpM.swift in Sources */ = {isa = PBXBuildFile; fileRef = F50D1A1927B2BF5A00B3EE94 /* SignUpM.swift */; };
		F50D1A3B27B2D24100B3EE94 /* Assets.xcassets in Resources */ = {isa = PBXBuildFile; fileRef = F50D1A3A27B2D24100B3EE94 /* Assets.xcassets */; };
		F53ABFBB27B2959A00DC25C6 /* SignUpInScreen.swift in Sources */ = {isa = PBXBuildFile; fileRef = F53ABFBA27B2959A00DC25C6 /* SignUpInScreen.swift */; };
		F542D1A227C1A4F200A1E9ED /* AQuestionM.swift in Sources */ = {isa = PBXBuildFile; fileRef = F542D1A127C1A4F200A1E9ED /* AQuestionM.swift */; };
		F542D1AA27C1A54000A1E9ED /* ARowAnswersVM.swift in Sources */ = {isa = PBXBuildFile; fileRef = F542D1A327C1A53F00A1E9ED /* ARowAnswersVM.swift */; };
		F542D1AB27C1A54000A1E9ED /* AProgressBarVM.swift in Sources */ = {isa = PBXBuildFile; fileRef = F542D1A427C1A53F00A1E9ED /* AProgressBarVM.swift */; };
		F542D1AC27C1A54000A1E9ED /* Wrapper.swift in Sources */ = {isa = PBXBuildFile; fileRef = F542D1A527C1A54000A1E9ED /* Wrapper.swift */; };
		F542D1AD27C1A54000A1E9ED /* SignInVM.swift in Sources */ = {isa = PBXBuildFile; fileRef = F542D1A627C1A54000A1E9ED /* SignInVM.swift */; };
		F542D1AE27C1A54000A1E9ED /* APrimaryButtonVM.swift in Sources */ = {isa = PBXBuildFile; fileRef = F542D1A727C1A54000A1E9ED /* APrimaryButtonVM.swift */; };
		F542D1AF27C1A54000A1E9ED /* AQuizManagerVM.swift in Sources */ = {isa = PBXBuildFile; fileRef = F542D1A827C1A54000A1E9ED /* AQuizManagerVM.swift */; };
		F542D1B027C1A54000A1E9ED /* ForgotPassword.swift in Sources */ = {isa = PBXBuildFile; fileRef = F542D1A927C1A54000A1E9ED /* ForgotPassword.swift */; };
		F542D1B927C1A54B00A1E9ED /* VolunteerHome.swift in Sources */ = {isa = PBXBuildFile; fileRef = F542D1B127C1A54B00A1E9ED /* VolunteerHome.swift */; };
		F542D1BA27C1A54B00A1E9ED /* ImpairedHome.swift in Sources */ = {isa = PBXBuildFile; fileRef = F542D1B227C1A54B00A1E9ED /* ImpairedHome.swift */; };
		F542D1BB27C1A54B00A1E9ED /* SignUpV.swift in Sources */ = {isa = PBXBuildFile; fileRef = F542D1B327C1A54B00A1E9ED /* SignUpV.swift */; };
		F542D1BC27C1A54B00A1E9ED /* SignInV.swift in Sources */ = {isa = PBXBuildFile; fileRef = F542D1B427C1A54B00A1E9ED /* SignInV.swift */; };
		F542D1BD27C1A54B00A1E9ED /* AQuizContentV.swift in Sources */ = {isa = PBXBuildFile; fileRef = F542D1B527C1A54B00A1E9ED /* AQuizContentV.swift */; };
		F542D1BE27C1A54B00A1E9ED /* AQuizV.swift in Sources */ = {isa = PBXBuildFile; fileRef = F542D1B627C1A54B00A1E9ED /* AQuizV.swift */; };
		F542D1BF27C1A54B00A1E9ED /* AdminHome.swift in Sources */ = {isa = PBXBuildFile; fileRef = F542D1B727C1A54B00A1E9ED /* AdminHome.swift */; };
		F542D1C027C1A54B00A1E9ED /* AQuestionV.swift in Sources */ = {isa = PBXBuildFile; fileRef = F542D1B827C1A54B00A1E9ED /* AQuestionV.swift */; };
		F542D1C227C1A5D500A1E9ED /* SignUpVM.swift in Sources */ = {isa = PBXBuildFile; fileRef = F542D1C127C1A5D500A1E9ED /* SignUpVM.swift */; };
		F542D1CB27C2487800A1E9ED /* OnboardingIntro.swift in Sources */ = {isa = PBXBuildFile; fileRef = F542D1C927C2487800A1E9ED /* OnboardingIntro.swift */; };
		F542D1CC27C2487800A1E9ED /* OnboardingScreens.swift in Sources */ = {isa = PBXBuildFile; fileRef = F542D1CA27C2487800A1E9ED /* OnboardingScreens.swift */; };
		F542D1CE27C2F6BC00A1E9ED /* Fonts in Resources */ = {isa = PBXBuildFile; fileRef = F542D1CD27C2F6BB00A1E9ED /* Fonts */; };
		F573F81327C9BA0A0086B8C9 /* ImpairedServices.swift in Sources */ = {isa = PBXBuildFile; fileRef = F573F81227C9BA0A0086B8C9 /* ImpairedServices.swift */; };
		F573F81927C9D9E00086B8C9 /* Constants.swift in Sources */ = {isa = PBXBuildFile; fileRef = F573F81727C9D9E00086B8C9 /* Constants.swift */; };
		F573F81A27C9D9E00086B8C9 /* Extension.swift in Sources */ = {isa = PBXBuildFile; fileRef = F573F81827C9D9E00086B8C9 /* Extension.swift */; };
		F573F81C27C9E1060086B8C9 /* Launch Screen.storyboard in Resources */ = {isa = PBXBuildFile; fileRef = F573F81B27C9E1060086B8C9 /* Launch Screen.storyboard */; };
		F573F81F27CA84650086B8C9 /* List.swift in Sources */ = {isa = PBXBuildFile; fileRef = F573F81E27CA84650086B8C9 /* List.swift */; };
		F573F82527CA8A520086B8C9 /* SentencesVM.swift in Sources */ = {isa = PBXBuildFile; fileRef = F573F82427CA8A520086B8C9 /* SentencesVM.swift */; };
		F594CE0C27C52D01004B9476 /* NavBar.swift in Sources */ = {isa = PBXBuildFile; fileRef = F594CE0B27C52D01004B9476 /* NavBar.swift */; };
		F594CE0E27C67ACD004B9476 /* TabBar.swift in Sources */ = {isa = PBXBuildFile; fileRef = F594CE0D27C67ACD004B9476 /* TabBar.swift */; };
		F594CE1427C6D8D6004B9476 /* TabCurve.swift in Sources */ = {isa = PBXBuildFile; fileRef = F594CE1327C6D8D6004B9476 /* TabCurve.swift */; };
		F594CE1F27C6E527004B9476 /* ContentView.swift in Sources */ = {isa = PBXBuildFile; fileRef = F594CE1E27C6E527004B9476 /* ContentView.swift */; };
		F594CE2627C71636004B9476 /* VolunteerProfile.swift in Sources */ = {isa = PBXBuildFile; fileRef = F594CE2527C71636004B9476 /* VolunteerProfile.swift */; };
		F594CE2A27C71928004B9476 /* ImpairedProfile.swift in Sources */ = {isa = PBXBuildFile; fileRef = F594CE2927C71928004B9476 /* ImpairedProfile.swift */; };
		F597450627AAC6C5007B8BB8 /* LaunchScreen.storyboard in Resources */ = {isa = PBXBuildFile; fileRef = F597450527AAC6C5007B8BB8 /* LaunchScreen.storyboard */; };
/* End PBXBuildFile section */

/* Begin PBXFileReference section */
		14FD4F2F279F2D1200E4947D /* Kaleem.app */ = {isa = PBXFileReference; explicitFileType = wrapper.application; includeInIndex = 0; path = Kaleem.app; sourceTree = BUILT_PRODUCTS_DIR; };
		14FD4F32279F2D1200E4947D /* KaleemApp.swift */ = {isa = PBXFileReference; lastKnownFileType = sourcecode.swift; path = KaleemApp.swift; sourceTree = "<group>"; };
		14FD4F36279F2D1400E4947D /* Assets.xcassets */ = {isa = PBXFileReference; lastKnownFileType = folder.assetcatalog; path = Assets.xcassets; sourceTree = "<group>"; };
		14FD4F39279F2D1400E4947D /* Preview Assets.xcassets */ = {isa = PBXFileReference; lastKnownFileType = folder.assetcatalog; path = "Preview Assets.xcassets"; sourceTree = "<group>"; };
		14FD4F40279F319000E4947D /* GoogleService-Info.plist */ = {isa = PBXFileReference; fileEncoding = 4; lastKnownFileType = text.plist.xml; path = "GoogleService-Info.plist"; sourceTree = "<group>"; };
		325898B58B0C5180FFC072C8 /* Pods-Kaleem.release.xcconfig */ = {isa = PBXFileReference; includeInIndex = 1; lastKnownFileType = text.xcconfig; name = "Pods-Kaleem.release.xcconfig"; path = "Target Support Files/Pods-Kaleem/Pods-Kaleem.release.xcconfig"; sourceTree = "<group>"; };
		8C0D1C7E2EC083E1131E9CAF /* Pods_Kaleem.framework */ = {isa = PBXFileReference; explicitFileType = wrapper.framework; includeInIndex = 0; path = Pods_Kaleem.framework; sourceTree = BUILT_PRODUCTS_DIR; };
		DF9AF63691052ADF804DD8DF /* Pods-Kaleem.debug.xcconfig */ = {isa = PBXFileReference; includeInIndex = 1; lastKnownFileType = text.xcconfig; name = "Pods-Kaleem.debug.xcconfig"; path = "Target Support Files/Pods-Kaleem/Pods-Kaleem.debug.xcconfig"; sourceTree = "<group>"; };
		F50D1A1927B2BF5A00B3EE94 /* SignUpM.swift */ = {isa = PBXFileReference; fileEncoding = 4; lastKnownFileType = sourcecode.swift; name = SignUpM.swift; path = Kaleem/Model/SignUpM.swift; sourceTree = SOURCE_ROOT; };
		F50D1A3A27B2D24100B3EE94 /* Assets.xcassets */ = {isa = PBXFileReference; lastKnownFileType = folder.assetcatalog; name = Assets.xcassets; path = Kaleem/Assets.xcassets; sourceTree = SOURCE_ROOT; };
		F53ABFBA27B2959A00DC25C6 /* SignUpInScreen.swift */ = {isa = PBXFileReference; lastKnownFileType = sourcecode.swift; path = SignUpInScreen.swift; sourceTree = "<group>"; };
		F542D1A127C1A4F200A1E9ED /* AQuestionM.swift */ = {isa = PBXFileReference; fileEncoding = 4; lastKnownFileType = sourcecode.swift; path = AQuestionM.swift; sourceTree = "<group>"; };
		F542D1A327C1A53F00A1E9ED /* ARowAnswersVM.swift */ = {isa = PBXFileReference; fileEncoding = 4; lastKnownFileType = sourcecode.swift; path = ARowAnswersVM.swift; sourceTree = "<group>"; };
		F542D1A427C1A53F00A1E9ED /* AProgressBarVM.swift */ = {isa = PBXFileReference; fileEncoding = 4; lastKnownFileType = sourcecode.swift; path = AProgressBarVM.swift; sourceTree = "<group>"; };
		F542D1A527C1A54000A1E9ED /* Wrapper.swift */ = {isa = PBXFileReference; fileEncoding = 4; lastKnownFileType = sourcecode.swift; path = Wrapper.swift; sourceTree = "<group>"; };
		F542D1A627C1A54000A1E9ED /* SignInVM.swift */ = {isa = PBXFileReference; fileEncoding = 4; lastKnownFileType = sourcecode.swift; path = SignInVM.swift; sourceTree = "<group>"; };
		F542D1A727C1A54000A1E9ED /* APrimaryButtonVM.swift */ = {isa = PBXFileReference; fileEncoding = 4; lastKnownFileType = sourcecode.swift; path = APrimaryButtonVM.swift; sourceTree = "<group>"; };
		F542D1A827C1A54000A1E9ED /* AQuizManagerVM.swift */ = {isa = PBXFileReference; fileEncoding = 4; lastKnownFileType = sourcecode.swift; path = AQuizManagerVM.swift; sourceTree = "<group>"; };
		F542D1A927C1A54000A1E9ED /* ForgotPassword.swift */ = {isa = PBXFileReference; fileEncoding = 4; lastKnownFileType = sourcecode.swift; path = ForgotPassword.swift; sourceTree = "<group>"; };
		F542D1B127C1A54B00A1E9ED /* VolunteerHome.swift */ = {isa = PBXFileReference; fileEncoding = 4; lastKnownFileType = sourcecode.swift; path = VolunteerHome.swift; sourceTree = "<group>"; };
		F542D1B227C1A54B00A1E9ED /* ImpairedHome.swift */ = {isa = PBXFileReference; fileEncoding = 4; lastKnownFileType = sourcecode.swift; path = ImpairedHome.swift; sourceTree = "<group>"; };
		F542D1B327C1A54B00A1E9ED /* SignUpV.swift */ = {isa = PBXFileReference; fileEncoding = 4; lastKnownFileType = sourcecode.swift; path = SignUpV.swift; sourceTree = "<group>"; };
		F542D1B427C1A54B00A1E9ED /* SignInV.swift */ = {isa = PBXFileReference; fileEncoding = 4; lastKnownFileType = sourcecode.swift; path = SignInV.swift; sourceTree = "<group>"; };
		F542D1B527C1A54B00A1E9ED /* AQuizContentV.swift */ = {isa = PBXFileReference; fileEncoding = 4; lastKnownFileType = sourcecode.swift; path = AQuizContentV.swift; sourceTree = "<group>"; };
		F542D1B627C1A54B00A1E9ED /* AQuizV.swift */ = {isa = PBXFileReference; fileEncoding = 4; lastKnownFileType = sourcecode.swift; path = AQuizV.swift; sourceTree = "<group>"; };
		F542D1B727C1A54B00A1E9ED /* AdminHome.swift */ = {isa = PBXFileReference; fileEncoding = 4; lastKnownFileType = sourcecode.swift; path = AdminHome.swift; sourceTree = "<group>"; };
		F542D1B827C1A54B00A1E9ED /* AQuestionV.swift */ = {isa = PBXFileReference; fileEncoding = 4; lastKnownFileType = sourcecode.swift; path = AQuestionV.swift; sourceTree = "<group>"; };
		F542D1C127C1A5D500A1E9ED /* SignUpVM.swift */ = {isa = PBXFileReference; fileEncoding = 4; lastKnownFileType = sourcecode.swift; path = SignUpVM.swift; sourceTree = "<group>"; };
		F542D1C927C2487800A1E9ED /* OnboardingIntro.swift */ = {isa = PBXFileReference; fileEncoding = 4; lastKnownFileType = sourcecode.swift; path = OnboardingIntro.swift; sourceTree = "<group>"; };
		F542D1CA27C2487800A1E9ED /* OnboardingScreens.swift */ = {isa = PBXFileReference; fileEncoding = 4; lastKnownFileType = sourcecode.swift; path = OnboardingScreens.swift; sourceTree = "<group>"; };
		F542D1CD27C2F6BB00A1E9ED /* Fonts */ = {isa = PBXFileReference; lastKnownFileType = folder; path = Fonts; sourceTree = "<group>"; };
		F572FADA27A3B669001C7143 /* Info.plist */ = {isa = PBXFileReference; lastKnownFileType = text.plist.xml; path = Info.plist; sourceTree = "<group>"; };
		F573F81227C9BA0A0086B8C9 /* ImpairedServices.swift */ = {isa = PBXFileReference; lastKnownFileType = sourcecode.swift; path = ImpairedServices.swift; sourceTree = "<group>"; };
		F573F81727C9D9E00086B8C9 /* Constants.swift */ = {isa = PBXFileReference; fileEncoding = 4; lastKnownFileType = sourcecode.swift; path = Constants.swift; sourceTree = "<group>"; };
		F573F81827C9D9E00086B8C9 /* Extension.swift */ = {isa = PBXFileReference; fileEncoding = 4; lastKnownFileType = sourcecode.swift; path = Extension.swift; sourceTree = "<group>"; };
		F573F81B27C9E1060086B8C9 /* Launch Screen.storyboard */ = {isa = PBXFileReference; lastKnownFileType = file.storyboard; path = "Launch Screen.storyboard"; sourceTree = "<group>"; };
		F573F81E27CA84650086B8C9 /* List.swift */ = {isa = PBXFileReference; lastKnownFileType = sourcecode.swift; path = List.swift; sourceTree = "<group>"; };
		F573F82427CA8A520086B8C9 /* SentencesVM.swift */ = {isa = PBXFileReference; lastKnownFileType = sourcecode.swift; path = SentencesVM.swift; sourceTree = "<group>"; };
		F594CE0B27C52D01004B9476 /* NavBar.swift */ = {isa = PBXFileReference; lastKnownFileType = sourcecode.swift; path = NavBar.swift; sourceTree = "<group>"; };
		F594CE0D27C67ACD004B9476 /* TabBar.swift */ = {isa = PBXFileReference; lastKnownFileType = sourcecode.swift; path = TabBar.swift; sourceTree = "<group>"; };
		F594CE1327C6D8D6004B9476 /* TabCurve.swift */ = {isa = PBXFileReference; lastKnownFileType = sourcecode.swift; path = TabCurve.swift; sourceTree = "<group>"; };
		F594CE1E27C6E527004B9476 /* ContentView.swift */ = {isa = PBXFileReference; fileEncoding = 4; lastKnownFileType = sourcecode.swift; name = ContentView.swift; path = Kaleem/View/ContentView.swift; sourceTree = SOURCE_ROOT; };
		F594CE2527C71636004B9476 /* VolunteerProfile.swift */ = {isa = PBXFileReference; lastKnownFileType = sourcecode.swift; path = VolunteerProfile.swift; sourceTree = "<group>"; };
		F594CE2927C71928004B9476 /* ImpairedProfile.swift */ = {isa = PBXFileReference; lastKnownFileType = sourcecode.swift; path = ImpairedProfile.swift; sourceTree = "<group>"; };
		F597450527AAC6C5007B8BB8 /* LaunchScreen.storyboard */ = {isa = PBXFileReference; lastKnownFileType = file.storyboard; path = LaunchScreen.storyboard; sourceTree = "<group>"; };
/* End PBXFileReference section */

/* Begin PBXFrameworksBuildPhase section */
		14FD4F2C279F2D1200E4947D /* Frameworks */ = {
			isa = PBXFrameworksBuildPhase;
			buildActionMask = 2147483647;
			files = (
				ADC7C415182E396B5A38967B /* Pods_Kaleem.framework in Frameworks */,
			);
			runOnlyForDeploymentPostprocessing = 0;
		};
/* End PBXFrameworksBuildPhase section */

/* Begin PBXGroup section */
		14FD4F26279F2D1200E4947D = {
			isa = PBXGroup;
			children = (
				14FD4F31279F2D1200E4947D /* Kaleem */,
				14FD4F30279F2D1200E4947D /* Products */,
				DC4E6917AD79762840AC5AD9 /* Pods */,
				CB39F81B522694707316D239 /* Frameworks */,
			);
			sourceTree = "<group>";
		};
		14FD4F30279F2D1200E4947D /* Products */ = {
			isa = PBXGroup;
			children = (
				14FD4F2F279F2D1200E4947D /* Kaleem.app */,
			);
			name = Products;
			sourceTree = "<group>";
		};
		14FD4F31279F2D1200E4947D /* Kaleem */ = {
			isa = PBXGroup;
			children = (
				F50D1A3E27B2F2BB00B3EE94 /* Model */,
				F50D1A3D27B2F23900B3EE94 /* ViewModel */,
				F50D1A3C27B2F22C00B3EE94 /* Components */,
				F572FADC27A3B7FB001C7143 /* View */,
				14FD4F32279F2D1200E4947D /* KaleemApp.swift */,
				14FD4F36279F2D1400E4947D /* Assets.xcassets */,
				14FD4F38279F2D1400E4947D /* Preview Content */,
			);
			path = Kaleem;
			sourceTree = "<group>";
		};
		14FD4F38279F2D1400E4947D /* Preview Content */ = {
			isa = PBXGroup;
			children = (
				14FD4F39279F2D1400E4947D /* Preview Assets.xcassets */,
			);
			path = "Preview Content";
			sourceTree = "<group>";
		};
		CB39F81B522694707316D239 /* Frameworks */ = {
			isa = PBXGroup;
			children = (
				8C0D1C7E2EC083E1131E9CAF /* Pods_Kaleem.framework */,
			);
			name = Frameworks;
			sourceTree = "<group>";
		};
		DC4E6917AD79762840AC5AD9 /* Pods */ = {
			isa = PBXGroup;
			children = (
				DF9AF63691052ADF804DD8DF /* Pods-Kaleem.debug.xcconfig */,
				325898B58B0C5180FFC072C8 /* Pods-Kaleem.release.xcconfig */,
			);
			path = Pods;
			sourceTree = "<group>";
		};
		F50D1A3C27B2F22C00B3EE94 /* Components */ = {
			isa = PBXGroup;
			children = (
				F573F81727C9D9E00086B8C9 /* Constants.swift */,
				F573F81827C9D9E00086B8C9 /* Extension.swift */,
				F542D1CD27C2F6BB00A1E9ED /* Fonts */,
				F572FADA27A3B669001C7143 /* Info.plist */,
				14FD4F40279F319000E4947D /* GoogleService-Info.plist */,
				F50D1A3A27B2D24100B3EE94 /* Assets.xcassets */,
			);
			path = Components;
			sourceTree = "<group>";
		};
		F50D1A3D27B2F23900B3EE94 /* ViewModel */ = {
			isa = PBXGroup;
			children = (
				F573F82127CA89F50086B8C9 /* Location */,
				F542D1C127C1A5D500A1E9ED /* SignUpVM.swift */,
				F542D1A727C1A54000A1E9ED /* APrimaryButtonVM.swift */,
				F542D1A427C1A53F00A1E9ED /* AProgressBarVM.swift */,
				F542D1A827C1A54000A1E9ED /* AQuizManagerVM.swift */,
				F542D1A327C1A53F00A1E9ED /* ARowAnswersVM.swift */,
				F542D1A927C1A54000A1E9ED /* ForgotPassword.swift */,
				F542D1A627C1A54000A1E9ED /* SignInVM.swift */,
				F542D1A527C1A54000A1E9ED /* Wrapper.swift */,
			);
			path = ViewModel;
			sourceTree = "<group>";
		};
		F50D1A3E27B2F2BB00B3EE94 /* Model */ = {
			isa = PBXGroup;
			children = (
				F542D1A127C1A4F200A1E9ED /* AQuestionM.swift */,
				F50D1A1927B2BF5A00B3EE94 /* SignUpM.swift */,
			);
			path = Model;
			sourceTree = "<group>";
		};
		F572FADC27A3B7FB001C7143 /* View */ = {
			isa = PBXGroup;
			children = (
				F573F81D27CA841A0086B8C9 /* FavoriteList */,
				F594CE1627C6D9D2004B9476 /* Onboarding  */,
				F594CE1827C6DA24004B9476 /* AcceptanceQuiz */,
				F594CE1D27C6DA85004B9476 /* SignInUp */,
				F594CE1527C6D90E004B9476 /* TabBar */,
			);
			path = View;
			sourceTree = "<group>";
		};
		F573F81D27CA841A0086B8C9 /* FavoriteList */ = {
			isa = PBXGroup;
			children = (
				F573F81E27CA84650086B8C9 /* List.swift */,
			);
			path = FavoriteList;
			sourceTree = "<group>";
		};
		F573F82127CA89F50086B8C9 /* Location */ = {
			isa = PBXGroup;
			children = (
				F573F82427CA8A520086B8C9 /* SentencesVM.swift */,
			);
			path = Location;
			sourceTree = "<group>";
		};
		F594CE1527C6D90E004B9476 /* TabBar */ = {
			isa = PBXGroup;
			children = (
				F594CE1327C6D8D6004B9476 /* TabCurve.swift */,
				F542D1B727C1A54B00A1E9ED /* AdminHome.swift */,
				F542D1B227C1A54B00A1E9ED /* ImpairedHome.swift */,
				F594CE2927C71928004B9476 /* ImpairedProfile.swift */,
				F573F81227C9BA0A0086B8C9 /* ImpairedServices.swift */,
				F542D1B127C1A54B00A1E9ED /* VolunteerHome.swift */,
				F594CE2527C71636004B9476 /* VolunteerProfile.swift */,
				F594CE0B27C52D01004B9476 /* NavBar.swift */,
				F594CE0D27C67ACD004B9476 /* TabBar.swift */,
				F573F81B27C9E1060086B8C9 /* Launch Screen.storyboard */,
			);
			path = TabBar;
			sourceTree = "<group>";
		};
		F594CE1627C6D9D2004B9476 /* Onboarding  */ = {
			isa = PBXGroup;
			children = (
				F594CE1E27C6E527004B9476 /* ContentView.swift */,
				F53ABFBA27B2959A00DC25C6 /* SignUpInScreen.swift */,
				F597450527AAC6C5007B8BB8 /* LaunchScreen.storyboard */,
				F542D1C927C2487800A1E9ED /* OnboardingIntro.swift */,
				F542D1CA27C2487800A1E9ED /* OnboardingScreens.swift */,
			);
			path = "Onboarding ";
			sourceTree = "<group>";
		};
		F594CE1827C6DA24004B9476 /* AcceptanceQuiz */ = {
			isa = PBXGroup;
			children = (
				F542D1B827C1A54B00A1E9ED /* AQuestionV.swift */,
				F542D1B527C1A54B00A1E9ED /* AQuizContentV.swift */,
				F542D1B627C1A54B00A1E9ED /* AQuizV.swift */,
			);
			path = AcceptanceQuiz;
			sourceTree = "<group>";
		};
		F594CE1D27C6DA85004B9476 /* SignInUp */ = {
			isa = PBXGroup;
			children = (
				F542D1B427C1A54B00A1E9ED /* SignInV.swift */,
				F542D1B327C1A54B00A1E9ED /* SignUpV.swift */,
			);
			path = SignInUp;
			sourceTree = "<group>";
		};
/* End PBXGroup section */

/* Begin PBXNativeTarget section */
		14FD4F2E279F2D1200E4947D /* Kaleem */ = {
			isa = PBXNativeTarget;
			buildConfigurationList = 14FD4F3D279F2D1400E4947D /* Build configuration list for PBXNativeTarget "Kaleem" */;
			buildPhases = (
				A1451CE580D0763BAE6D1457 /* [CP] Check Pods Manifest.lock */,
				14FD4F2B279F2D1200E4947D /* Sources */,
				14FD4F2C279F2D1200E4947D /* Frameworks */,
				14FD4F2D279F2D1200E4947D /* Resources */,
				3B6DC65EED2D9DB0FBF99B73 /* [CP] Embed Pods Frameworks */,
			);
			buildRules = (
			);
			dependencies = (
			);
			name = Kaleem;
			productName = Kaleem;
			productReference = 14FD4F2F279F2D1200E4947D /* Kaleem.app */;
			productType = "com.apple.product-type.application";
		};
/* End PBXNativeTarget section */

/* Begin PBXProject section */
		14FD4F27279F2D1200E4947D /* Project object */ = {
			isa = PBXProject;
			attributes = {
				BuildIndependentTargetsInParallel = 1;
				LastSwiftUpdateCheck = 1320;
				LastUpgradeCheck = 1320;
				TargetAttributes = {
					14FD4F2E279F2D1200E4947D = {
						CreatedOnToolsVersion = 13.2.1;
					};
				};
			};
			buildConfigurationList = 14FD4F2A279F2D1200E4947D /* Build configuration list for PBXProject "Kaleem" */;
			compatibilityVersion = "Xcode 13.0";
			developmentRegion = en;
			hasScannedForEncodings = 0;
			knownRegions = (
				en,
				Base,
			);
			mainGroup = 14FD4F26279F2D1200E4947D;
			productRefGroup = 14FD4F30279F2D1200E4947D /* Products */;
			projectDirPath = "";
			projectRoot = "";
			targets = (
				14FD4F2E279F2D1200E4947D /* Kaleem */,
			);
		};
/* End PBXProject section */

/* Begin PBXResourcesBuildPhase section */
		14FD4F2D279F2D1200E4947D /* Resources */ = {
			isa = PBXResourcesBuildPhase;
			buildActionMask = 2147483647;
			files = (
				14FD4F3A279F2D1400E4947D /* Preview Assets.xcassets in Resources */,
				F597450627AAC6C5007B8BB8 /* LaunchScreen.storyboard in Resources */,
				14FD4F37279F2D1400E4947D /* Assets.xcassets in Resources */,
				F542D1CE27C2F6BC00A1E9ED /* Fonts in Resources */,
				14FD4F41279F319000E4947D /* GoogleService-Info.plist in Resources */,
				F50D1A3B27B2D24100B3EE94 /* Assets.xcassets in Resources */,
				F573F81C27C9E1060086B8C9 /* Launch Screen.storyboard in Resources */,
			);
			runOnlyForDeploymentPostprocessing = 0;
		};
/* End PBXResourcesBuildPhase section */

/* Begin PBXShellScriptBuildPhase section */
		3B6DC65EED2D9DB0FBF99B73 /* [CP] Embed Pods Frameworks */ = {
			isa = PBXShellScriptBuildPhase;
			buildActionMask = 2147483647;
			files = (
			);
			inputFileListPaths = (
				"${PODS_ROOT}/Target Support Files/Pods-Kaleem/Pods-Kaleem-frameworks-${CONFIGURATION}-input-files.xcfilelist",
			);
			name = "[CP] Embed Pods Frameworks";
			outputFileListPaths = (
				"${PODS_ROOT}/Target Support Files/Pods-Kaleem/Pods-Kaleem-frameworks-${CONFIGURATION}-output-files.xcfilelist",
			);
			runOnlyForDeploymentPostprocessing = 0;
			shellPath = /bin/sh;
			shellScript = "\"${PODS_ROOT}/Target Support Files/Pods-Kaleem/Pods-Kaleem-frameworks.sh\"\n";
			showEnvVarsInLog = 0;
		};
		A1451CE580D0763BAE6D1457 /* [CP] Check Pods Manifest.lock */ = {
			isa = PBXShellScriptBuildPhase;
			buildActionMask = 2147483647;
			files = (
			);
			inputFileListPaths = (
			);
			inputPaths = (
				"${PODS_PODFILE_DIR_PATH}/Podfile.lock",
				"${PODS_ROOT}/Manifest.lock",
			);
			name = "[CP] Check Pods Manifest.lock";
			outputFileListPaths = (
			);
			outputPaths = (
				"$(DERIVED_FILE_DIR)/Pods-Kaleem-checkManifestLockResult.txt",
			);
			runOnlyForDeploymentPostprocessing = 0;
			shellPath = /bin/sh;
			shellScript = "diff \"${PODS_PODFILE_DIR_PATH}/Podfile.lock\" \"${PODS_ROOT}/Manifest.lock\" > /dev/null\nif [ $? != 0 ] ; then\n    # print error to STDERR\n    echo \"error: The sandbox is not in sync with the Podfile.lock. Run 'pod install' or update your CocoaPods installation.\" >&2\n    exit 1\nfi\n# This output is used by Xcode 'outputs' to avoid re-running this script phase.\necho \"SUCCESS\" > \"${SCRIPT_OUTPUT_FILE_0}\"\n";
			showEnvVarsInLog = 0;
		};
/* End PBXShellScriptBuildPhase section */

/* Begin PBXSourcesBuildPhase section */
		14FD4F2B279F2D1200E4947D /* Sources */ = {
			isa = PBXSourcesBuildPhase;
			buildActionMask = 2147483647;
			files = (
				F573F81327C9BA0A0086B8C9 /* ImpairedServices.swift in Sources */,
				F573F82527CA8A520086B8C9 /* SentencesVM.swift in Sources */,
				F594CE0E27C67ACD004B9476 /* TabBar.swift in Sources */,
				F594CE1427C6D8D6004B9476 /* TabCurve.swift in Sources */,
				F542D1AA27C1A54000A1E9ED /* ARowAnswersVM.swift in Sources */,
				F542D1BE27C1A54B00A1E9ED /* AQuizV.swift in Sources */,
				F542D1AE27C1A54000A1E9ED /* APrimaryButtonVM.swift in Sources */,
				F542D1BA27C1A54B00A1E9ED /* ImpairedHome.swift in Sources */,
				F542D1AB27C1A54000A1E9ED /* AProgressBarVM.swift in Sources */,
				F542D1AF27C1A54000A1E9ED /* AQuizManagerVM.swift in Sources */,
				F542D1CB27C2487800A1E9ED /* OnboardingIntro.swift in Sources */,
				F542D1C027C1A54B00A1E9ED /* AQuestionV.swift in Sources */,
				F594CE2627C71636004B9476 /* VolunteerProfile.swift in Sources */,
				F53ABFBB27B2959A00DC25C6 /* SignUpInScreen.swift in Sources */,
				14FD4F33279F2D1200E4947D /* KaleemApp.swift in Sources */,
				F594CE2A27C71928004B9476 /* ImpairedProfile.swift in Sources */,
				F50D1A2327B2BF5A00B3EE94 /* SignUpM.swift in Sources */,
				F573F81F27CA84650086B8C9 /* List.swift in Sources */,
				F542D1CC27C2487800A1E9ED /* OnboardingScreens.swift in Sources */,
				F542D1BF27C1A54B00A1E9ED /* AdminHome.swift in Sources */,
				F542D1AD27C1A54000A1E9ED /* SignInVM.swift in Sources */,
				F542D1C227C1A5D500A1E9ED /* SignUpVM.swift in Sources */,
				F542D1B927C1A54B00A1E9ED /* VolunteerHome.swift in Sources */,
				F573F81927C9D9E00086B8C9 /* Constants.swift in Sources */,
				F542D1BD27C1A54B00A1E9ED /* AQuizContentV.swift in Sources */,
				F542D1BC27C1A54B00A1E9ED /* SignInV.swift in Sources */,
				F573F81A27C9D9E00086B8C9 /* Extension.swift in Sources */,
				F594CE0C27C52D01004B9476 /* NavBar.swift in Sources */,
				F542D1AC27C1A54000A1E9ED /* Wrapper.swift in Sources */,
				F542D1A227C1A4F200A1E9ED /* AQuestionM.swift in Sources */,
				F594CE1F27C6E527004B9476 /* ContentView.swift in Sources */,
				F542D1BB27C1A54B00A1E9ED /* SignUpV.swift in Sources */,
				F542D1B027C1A54000A1E9ED /* ForgotPassword.swift in Sources */,
			);
			runOnlyForDeploymentPostprocessing = 0;
		};
/* End PBXSourcesBuildPhase section */

/* Begin XCBuildConfiguration section */
		14FD4F3B279F2D1400E4947D /* Debug */ = {
			isa = XCBuildConfiguration;
			buildSettings = {
				ALWAYS_SEARCH_USER_PATHS = NO;
				CLANG_ANALYZER_NONNULL = YES;
				CLANG_ANALYZER_NUMBER_OBJECT_CONVERSION = YES_AGGRESSIVE;
				CLANG_CXX_LANGUAGE_STANDARD = "gnu++17";
				CLANG_CXX_LIBRARY = "libc++";
				CLANG_ENABLE_MODULES = YES;
				CLANG_ENABLE_OBJC_ARC = YES;
				CLANG_ENABLE_OBJC_WEAK = YES;
				CLANG_WARN_BLOCK_CAPTURE_AUTORELEASING = YES;
				CLANG_WARN_BOOL_CONVERSION = YES;
				CLANG_WARN_COMMA = YES;
				CLANG_WARN_CONSTANT_CONVERSION = YES;
				CLANG_WARN_DEPRECATED_OBJC_IMPLEMENTATIONS = YES;
				CLANG_WARN_DIRECT_OBJC_ISA_USAGE = YES_ERROR;
				CLANG_WARN_DOCUMENTATION_COMMENTS = YES;
				CLANG_WARN_EMPTY_BODY = YES;
				CLANG_WARN_ENUM_CONVERSION = YES;
				CLANG_WARN_INFINITE_RECURSION = YES;
				CLANG_WARN_INT_CONVERSION = YES;
				CLANG_WARN_NON_LITERAL_NULL_CONVERSION = YES;
				CLANG_WARN_OBJC_IMPLICIT_RETAIN_SELF = YES;
				CLANG_WARN_OBJC_LITERAL_CONVERSION = YES;
				CLANG_WARN_OBJC_ROOT_CLASS = YES_ERROR;
				CLANG_WARN_QUOTED_INCLUDE_IN_FRAMEWORK_HEADER = YES;
				CLANG_WARN_RANGE_LOOP_ANALYSIS = YES;
				CLANG_WARN_STRICT_PROTOTYPES = YES;
				CLANG_WARN_SUSPICIOUS_MOVE = YES;
				CLANG_WARN_UNGUARDED_AVAILABILITY = YES_AGGRESSIVE;
				CLANG_WARN_UNREACHABLE_CODE = YES;
				CLANG_WARN__DUPLICATE_METHOD_MATCH = YES;
				COPY_PHASE_STRIP = NO;
				DEBUG_INFORMATION_FORMAT = dwarf;
				ENABLE_STRICT_OBJC_MSGSEND = YES;
				ENABLE_TESTABILITY = YES;
				GCC_C_LANGUAGE_STANDARD = gnu11;
				GCC_DYNAMIC_NO_PIC = NO;
				GCC_NO_COMMON_BLOCKS = YES;
				GCC_OPTIMIZATION_LEVEL = 0;
				GCC_PREPROCESSOR_DEFINITIONS = (
					"DEBUG=1",
					"$(inherited)",
				);
				GCC_WARN_64_TO_32_BIT_CONVERSION = YES;
				GCC_WARN_ABOUT_RETURN_TYPE = YES_ERROR;
				GCC_WARN_UNDECLARED_SELECTOR = YES;
				GCC_WARN_UNINITIALIZED_AUTOS = YES_AGGRESSIVE;
				GCC_WARN_UNUSED_FUNCTION = YES;
				GCC_WARN_UNUSED_VARIABLE = YES;
				IPHONEOS_DEPLOYMENT_TARGET = 15.2;
				MTL_ENABLE_DEBUG_INFO = INCLUDE_SOURCE;
				MTL_FAST_MATH = YES;
				ONLY_ACTIVE_ARCH = YES;
				SDKROOT = iphoneos;
				SWIFT_ACTIVE_COMPILATION_CONDITIONS = DEBUG;
				SWIFT_OPTIMIZATION_LEVEL = "-Onone";
			};
			name = Debug;
		};
		14FD4F3C279F2D1400E4947D /* Release */ = {
			isa = XCBuildConfiguration;
			buildSettings = {
				ALWAYS_SEARCH_USER_PATHS = NO;
				CLANG_ANALYZER_NONNULL = YES;
				CLANG_ANALYZER_NUMBER_OBJECT_CONVERSION = YES_AGGRESSIVE;
				CLANG_CXX_LANGUAGE_STANDARD = "gnu++17";
				CLANG_CXX_LIBRARY = "libc++";
				CLANG_ENABLE_MODULES = YES;
				CLANG_ENABLE_OBJC_ARC = YES;
				CLANG_ENABLE_OBJC_WEAK = YES;
				CLANG_WARN_BLOCK_CAPTURE_AUTORELEASING = YES;
				CLANG_WARN_BOOL_CONVERSION = YES;
				CLANG_WARN_COMMA = YES;
				CLANG_WARN_CONSTANT_CONVERSION = YES;
				CLANG_WARN_DEPRECATED_OBJC_IMPLEMENTATIONS = YES;
				CLANG_WARN_DIRECT_OBJC_ISA_USAGE = YES_ERROR;
				CLANG_WARN_DOCUMENTATION_COMMENTS = YES;
				CLANG_WARN_EMPTY_BODY = YES;
				CLANG_WARN_ENUM_CONVERSION = YES;
				CLANG_WARN_INFINITE_RECURSION = YES;
				CLANG_WARN_INT_CONVERSION = YES;
				CLANG_WARN_NON_LITERAL_NULL_CONVERSION = YES;
				CLANG_WARN_OBJC_IMPLICIT_RETAIN_SELF = YES;
				CLANG_WARN_OBJC_LITERAL_CONVERSION = YES;
				CLANG_WARN_OBJC_ROOT_CLASS = YES_ERROR;
				CLANG_WARN_QUOTED_INCLUDE_IN_FRAMEWORK_HEADER = YES;
				CLANG_WARN_RANGE_LOOP_ANALYSIS = YES;
				CLANG_WARN_STRICT_PROTOTYPES = YES;
				CLANG_WARN_SUSPICIOUS_MOVE = YES;
				CLANG_WARN_UNGUARDED_AVAILABILITY = YES_AGGRESSIVE;
				CLANG_WARN_UNREACHABLE_CODE = YES;
				CLANG_WARN__DUPLICATE_METHOD_MATCH = YES;
				COPY_PHASE_STRIP = NO;
				DEBUG_INFORMATION_FORMAT = "dwarf-with-dsym";
				ENABLE_NS_ASSERTIONS = NO;
				ENABLE_STRICT_OBJC_MSGSEND = YES;
				GCC_C_LANGUAGE_STANDARD = gnu11;
				GCC_NO_COMMON_BLOCKS = YES;
				GCC_WARN_64_TO_32_BIT_CONVERSION = YES;
				GCC_WARN_ABOUT_RETURN_TYPE = YES_ERROR;
				GCC_WARN_UNDECLARED_SELECTOR = YES;
				GCC_WARN_UNINITIALIZED_AUTOS = YES_AGGRESSIVE;
				GCC_WARN_UNUSED_FUNCTION = YES;
				GCC_WARN_UNUSED_VARIABLE = YES;
				IPHONEOS_DEPLOYMENT_TARGET = 15.2;
				MTL_ENABLE_DEBUG_INFO = NO;
				MTL_FAST_MATH = YES;
				SDKROOT = iphoneos;
				SWIFT_COMPILATION_MODE = wholemodule;
				SWIFT_OPTIMIZATION_LEVEL = "-O";
				VALIDATE_PRODUCT = YES;
			};
			name = Release;
		};
		14FD4F3E279F2D1400E4947D /* Debug */ = {
			isa = XCBuildConfiguration;
			baseConfigurationReference = DF9AF63691052ADF804DD8DF /* Pods-Kaleem.debug.xcconfig */;
			buildSettings = {
				ASSETCATALOG_COMPILER_APPICON_NAME = AppIcon;
				ASSETCATALOG_COMPILER_GLOBAL_ACCENT_COLOR_NAME = AccentColor;
				CODE_SIGN_IDENTITY = "Apple Development";
				CODE_SIGN_STYLE = Automatic;
				CURRENT_PROJECT_VERSION = 1;
				DEVELOPMENT_ASSET_PATHS = "\"Kaleem/Preview Content\"";
				DEVELOPMENT_TEAM = "";
				ENABLE_PREVIEWS = YES;
				GENERATE_INFOPLIST_FILE = YES;
				INFOPLIST_FILE = Kaleem/Info.plist;
				INFOPLIST_KEY_CFBundleDisplayName = "كليم";
				INFOPLIST_KEY_LSApplicationCategoryType = "";
				INFOPLIST_KEY_UIApplicationSceneManifest_Generation = YES;
				INFOPLIST_KEY_UIApplicationSupportsIndirectInputEvents = YES;
				INFOPLIST_KEY_UILaunchStoryboardName = LaunchScreen;
				INFOPLIST_KEY_UISupportedInterfaceOrientations_iPad = "UIInterfaceOrientationPortrait UIInterfaceOrientationPortraitUpsideDown UIInterfaceOrientationLandscapeLeft UIInterfaceOrientationLandscapeRight";
				INFOPLIST_KEY_UISupportedInterfaceOrientations_iPhone = "UIInterfaceOrientationPortrait UIInterfaceOrientationLandscapeLeft UIInterfaceOrientationLandscapeRight";
				LD_RUNPATH_SEARCH_PATHS = (
					"$(inherited)",
					"@executable_path/Frameworks",
				);
				MARKETING_VERSION = 1.0;
				PRODUCT_BUNDLE_IDENTIFIER = test.Kaleem;
				PRODUCT_NAME = "$(TARGET_NAME)";
				SWIFT_EMIT_LOC_STRINGS = YES;
				SWIFT_VERSION = 5.0;
				TARGETED_DEVICE_FAMILY = "1,2";
			};
			name = Debug;
		};
		14FD4F3F279F2D1400E4947D /* Release */ = {
			isa = XCBuildConfiguration;
			baseConfigurationReference = 325898B58B0C5180FFC072C8 /* Pods-Kaleem.release.xcconfig */;
			buildSettings = {
				ASSETCATALOG_COMPILER_APPICON_NAME = AppIcon;
				ASSETCATALOG_COMPILER_GLOBAL_ACCENT_COLOR_NAME = AccentColor;
				CODE_SIGN_IDENTITY = "Apple Development";
				CODE_SIGN_STYLE = Automatic;
				CURRENT_PROJECT_VERSION = 1;
				DEVELOPMENT_ASSET_PATHS = "\"Kaleem/Preview Content\"";
				DEVELOPMENT_TEAM = "";
				ENABLE_PREVIEWS = YES;
				GENERATE_INFOPLIST_FILE = YES;
				INFOPLIST_FILE = Kaleem/Info.plist;
				INFOPLIST_KEY_CFBundleDisplayName = "كليم";
				INFOPLIST_KEY_LSApplicationCategoryType = "";
				INFOPLIST_KEY_UIApplicationSceneManifest_Generation = YES;
				INFOPLIST_KEY_UIApplicationSupportsIndirectInputEvents = YES;
				INFOPLIST_KEY_UILaunchStoryboardName = LaunchScreen;
				INFOPLIST_KEY_UISupportedInterfaceOrientations_iPad = "UIInterfaceOrientationPortrait UIInterfaceOrientationPortraitUpsideDown UIInterfaceOrientationLandscapeLeft UIInterfaceOrientationLandscapeRight";
				INFOPLIST_KEY_UISupportedInterfaceOrientations_iPhone = "UIInterfaceOrientationPortrait UIInterfaceOrientationLandscapeLeft UIInterfaceOrientationLandscapeRight";
				LD_RUNPATH_SEARCH_PATHS = (
					"$(inherited)",
					"@executable_path/Frameworks",
				);
				MARKETING_VERSION = 1.0;
				PRODUCT_BUNDLE_IDENTIFIER = test.Kaleem;
				PRODUCT_NAME = "$(TARGET_NAME)";
				SWIFT_EMIT_LOC_STRINGS = YES;
				SWIFT_VERSION = 5.0;
				TARGETED_DEVICE_FAMILY = "1,2";
			};
			name = Release;
		};
/* End XCBuildConfiguration section */

/* Begin XCConfigurationList section */
		14FD4F2A279F2D1200E4947D /* Build configuration list for PBXProject "Kaleem" */ = {
			isa = XCConfigurationList;
			buildConfigurations = (
				14FD4F3B279F2D1400E4947D /* Debug */,
				14FD4F3C279F2D1400E4947D /* Release */,
			);
			defaultConfigurationIsVisible = 0;
			defaultConfigurationName = Release;
		};
		14FD4F3D279F2D1400E4947D /* Build configuration list for PBXNativeTarget "Kaleem" */ = {
			isa = XCConfigurationList;
			buildConfigurations = (
				14FD4F3E279F2D1400E4947D /* Debug */,
				14FD4F3F279F2D1400E4947D /* Release */,
			);
			defaultConfigurationIsVisible = 0;
			defaultConfigurationName = Release;
		};
/* End XCConfigurationList section */
	};
	rootObject = 14FD4F27279F2D1200E4947D /* Project object */;
}
